
Microsoft Visual Studio Solution File, Format Version 12.00
# Visual Studio Version 17
VisualStudioVersion = 17.2.32616.157
MinimumVisualStudioVersion = 10.0.40219.1
Project("{2150E333-8FDC-42A3-9474-1A3956D46DE8}") = "Core", "Core", "{77BB86F6-47BC-4713-B6D2-2509BBCD25B5}"
EndProject
Project("{2150E333-8FDC-42A3-9474-1A3956D46DE8}") = "Infrastructure", "Infrastructure", "{852A61D8-09E1-4BFF-959C-CE1B24C23655}"
EndProject
Project("{2150E333-8FDC-42A3-9474-1A3956D46DE8}") = "Presentation", "Presentation", "{4B75BF86-C385-4F92-9673-342F631A5BC1}"
EndProject
Project("{9A19103F-16F7-4668-BE54-9A1E7A4F7556}") = "InnoGotchiGame.Domain", "InnoGotchiGame.Domain\InnoGotchiGame.Domain.csproj", "{0C4CCFAE-420F-42EA-BDA1-9F7245DAFCAC}"
EndProject
Project("{9A19103F-16F7-4668-BE54-9A1E7A4F7556}") = "InnoGotchiGame.Application", "InnoGotchiGame.Application\InnoGotchiGame.Application.csproj", "{EE9FD46D-EED9-4309-A56A-B376A22468E3}"
EndProject
Project("{9A19103F-16F7-4668-BE54-9A1E7A4F7556}") = "InnoGotchiGame.Persistence", "InnoGotchiGame.Persistence\InnoGotchiGame.Persistence.csproj", "{B8823444-AA53-44FD-B7BE-13D2DDA4647E}"
EndProject
Project("{2150E333-8FDC-42A3-9474-1A3956D46DE8}") = "Tests", "Tests", "{07E7F376-E936-45E4-9936-FC0409A4378E}"
EndProject
Project("{9A19103F-16F7-4668-BE54-9A1E7A4F7556}") = "InnoGotchiGame.Tests", "InnoGotchiGame.Tests\InnoGotchiGame.Tests.csproj", "{807336D7-CFFF-4EFD-B4E1-378B6B6AD3DA}"
EndProject
Project("{9A19103F-16F7-4668-BE54-9A1E7A4F7556}") = "InnoGotchiGame.Web", "InnoGotchiGame.Web\InnoGotchiGame.Web.csproj", "{1A61636C-0C4F-4280-9A78-C3CB939533C3}"
EndProject
Project("{FAE04EC0-301F-11D3-BF4B-00C04F79EFBC}") = "LoggerService", "LoggerService\LoggerService.csproj", "{FC58CD74-5FB5-48D5-BF2F-DF618CF2CDBD}"
EndProject
Global
	GlobalSection(SolutionConfigurationPlatforms) = preSolution
		Debug|Any CPU = Debug|Any CPU
		Release|Any CPU = Release|Any CPU
	EndGlobalSection
	GlobalSection(ProjectConfigurationPlatforms) = postSolution
		{0C4CCFAE-420F-42EA-BDA1-9F7245DAFCAC}.Debug|Any CPU.ActiveCfg = Debug|Any CPU
		{0C4CCFAE-420F-42EA-BDA1-9F7245DAFCAC}.Debug|Any CPU.Build.0 = Debug|Any CPU
		{0C4CCFAE-420F-42EA-BDA1-9F7245DAFCAC}.Release|Any CPU.ActiveCfg = Release|Any CPU
		{0C4CCFAE-420F-42EA-BDA1-9F7245DAFCAC}.Release|Any CPU.Build.0 = Release|Any CPU
		{EE9FD46D-EED9-4309-A56A-B376A22468E3}.Debug|Any CPU.ActiveCfg = Debug|Any CPU
		{EE9FD46D-EED9-4309-A56A-B376A22468E3}.Debug|Any CPU.Build.0 = Debug|Any CPU
		{EE9FD46D-EED9-4309-A56A-B376A22468E3}.Release|Any CPU.ActiveCfg = Release|Any CPU
		{EE9FD46D-EED9-4309-A56A-B376A22468E3}.Release|Any CPU.Build.0 = Release|Any CPU
		{B8823444-AA53-44FD-B7BE-13D2DDA4647E}.Debug|Any CPU.ActiveCfg = Debug|Any CPU
		{B8823444-AA53-44FD-B7BE-13D2DDA4647E}.Debug|Any CPU.Build.0 = Debug|Any CPU
		{B8823444-AA53-44FD-B7BE-13D2DDA4647E}.Release|Any CPU.ActiveCfg = Release|Any CPU
		{B8823444-AA53-44FD-B7BE-13D2DDA4647E}.Release|Any CPU.Build.0 = Release|Any CPU
		{807336D7-CFFF-4EFD-B4E1-378B6B6AD3DA}.Debug|Any CPU.ActiveCfg = Debug|Any CPU
		{807336D7-CFFF-4EFD-B4E1-378B6B6AD3DA}.Debug|Any CPU.Build.0 = Debug|Any CPU
		{807336D7-CFFF-4EFD-B4E1-378B6B6AD3DA}.Release|Any CPU.ActiveCfg = Release|Any CPU
		{807336D7-CFFF-4EFD-B4E1-378B6B6AD3DA}.Release|Any CPU.Build.0 = Release|Any CPU
		{1A61636C-0C4F-4280-9A78-C3CB939533C3}.Debug|Any CPU.ActiveCfg = Debug|Any CPU
		{1A61636C-0C4F-4280-9A78-C3CB939533C3}.Debug|Any CPU.Build.0 = Debug|Any CPU
		{1A61636C-0C4F-4280-9A78-C3CB939533C3}.Release|Any CPU.ActiveCfg = Release|Any CPU
		{1A61636C-0C4F-4280-9A78-C3CB939533C3}.Release|Any CPU.Build.0 = Release|Any CPU
		{FC58CD74-5FB5-48D5-BF2F-DF618CF2CDBD}.Debug|Any CPU.ActiveCfg = Debug|Any CPU
		{FC58CD74-5FB5-48D5-BF2F-DF618CF2CDBD}.Debug|Any CPU.Build.0 = Debug|Any CPU
		{FC58CD74-5FB5-48D5-BF2F-DF618CF2CDBD}.Release|Any CPU.ActiveCfg = Release|Any CPU
		{FC58CD74-5FB5-48D5-BF2F-DF618CF2CDBD}.Release|Any CPU.Build.0 = Release|Any CPU
	EndGlobalSection
	GlobalSection(SolutionProperties) = preSolution
		HideSolutionNode = FALSE
	EndGlobalSection
	GlobalSection(NestedProjects) = preSolution
		{0C4CCFAE-420F-42EA-BDA1-9F7245DAFCAC} = {77BB86F6-47BC-4713-B6D2-2509BBCD25B5}
		{EE9FD46D-EED9-4309-A56A-B376A22468E3} = {77BB86F6-47BC-4713-B6D2-2509BBCD25B5}
		{B8823444-AA53-44FD-B7BE-13D2DDA4647E} = {852A61D8-09E1-4BFF-959C-CE1B24C23655}
		{807336D7-CFFF-4EFD-B4E1-378B6B6AD3DA} = {07E7F376-E936-45E4-9936-FC0409A4378E}
		{1A61636C-0C4F-4280-9A78-C3CB939533C3} = {4B75BF86-C385-4F92-9673-342F631A5BC1}
		{FC58CD74-5FB5-48D5-BF2F-DF618CF2CDBD} = {4B75BF86-C385-4F92-9673-342F631A5BC1}
	EndGlobalSection
	GlobalSection(ExtensibilityGlobals) = postSolution
		SolutionGuid = {E32BB44A-5A40-4E0C-8AA1-FD4FB1031F50}
	EndGlobalSection
EndGlobal
